// !$*UTF8*$!
{
	archiveVersion = 1;
	classes = {
	};
	objectVersion = 50;
	objects = {

/* Begin PBXBuildFile section */
		8342076C22128375008104AF /* AppDelegate.swift in Sources */ = {isa = PBXBuildFile; fileRef = 8342076B22128375008104AF /* AppDelegate.swift */; };
		8342076E22128375008104AF /* RootViewController.swift in Sources */ = {isa = PBXBuildFile; fileRef = 8342076D22128375008104AF /* RootViewController.swift */; };
		8342077322128377008104AF /* Assets.xcassets in Resources */ = {isa = PBXBuildFile; fileRef = 8342077222128377008104AF /* Assets.xcassets */; };
		8342077622128377008104AF /* LaunchScreen.storyboard in Resources */ = {isa = PBXBuildFile; fileRef = 8342077422128377008104AF /* LaunchScreen.storyboard */; };
		8342078622128CA0008104AF /* WeatherDataManager.swift in Sources */ = {isa = PBXBuildFile; fileRef = 8342078522128CA0008104AF /* WeatherDataManager.swift */; };
		8342078822128CCC008104AF /* Location.swift in Sources */ = {isa = PBXBuildFile; fileRef = 8342078722128CCC008104AF /* Location.swift */; };
		8342078A22128CDD008104AF /* WeatherData.swift in Sources */ = {isa = PBXBuildFile; fileRef = 8342078922128CDD008104AF /* WeatherData.swift */; };
		8342078D22128D22008104AF /* Config.swift in Sources */ = {isa = PBXBuildFile; fileRef = 8342078C22128D22008104AF /* Config.swift */; };
		8342079022129570008104AF /* Extention.swift in Sources */ = {isa = PBXBuildFile; fileRef = 8342078F22129570008104AF /* Extention.swift */; };
		834207922212A0DC008104AF /* CurrentWeatherViewController.swift in Sources */ = {isa = PBXBuildFile; fileRef = 834207912212A0DC008104AF /* CurrentWeatherViewController.swift */; };
		834207942213AD9C008104AF /* WeatherViewController.swift in Sources */ = {isa = PBXBuildFile; fileRef = 834207932213AD9C008104AF /* WeatherViewController.swift */; };
		834207962213BDB5008104AF /* Extention+URLSession.swift in Sources */ = {isa = PBXBuildFile; fileRef = 834207952213BDB4008104AF /* Extention+URLSession.swift */; };
/* End PBXBuildFile section */

/* Begin PBXFileReference section */
		8342076822128375008104AF /* DarkSkyWeatherApi.app */ = {isa = PBXFileReference; explicitFileType = wrapper.application; includeInIndex = 0; path = DarkSkyWeatherApi.app; sourceTree = BUILT_PRODUCTS_DIR; };
		8342076B22128375008104AF /* AppDelegate.swift */ = {isa = PBXFileReference; lastKnownFileType = sourcecode.swift; path = AppDelegate.swift; sourceTree = "<group>"; };
		8342076D22128375008104AF /* RootViewController.swift */ = {isa = PBXFileReference; lastKnownFileType = sourcecode.swift; path = RootViewController.swift; sourceTree = "<group>"; };
		8342077222128377008104AF /* Assets.xcassets */ = {isa = PBXFileReference; lastKnownFileType = folder.assetcatalog; path = Assets.xcassets; sourceTree = "<group>"; };
		8342077522128377008104AF /* Base */ = {isa = PBXFileReference; lastKnownFileType = file.storyboard; name = Base; path = Base.lproj/LaunchScreen.storyboard; sourceTree = "<group>"; };
		8342077722128377008104AF /* Info.plist */ = {isa = PBXFileReference; lastKnownFileType = text.plist.xml; path = Info.plist; sourceTree = "<group>"; };
		8342078522128CA0008104AF /* WeatherDataManager.swift */ = {isa = PBXFileReference; lastKnownFileType = sourcecode.swift; path = WeatherDataManager.swift; sourceTree = "<group>"; };
		8342078722128CCC008104AF /* Location.swift */ = {isa = PBXFileReference; lastKnownFileType = sourcecode.swift; path = Location.swift; sourceTree = "<group>"; };
		8342078922128CDD008104AF /* WeatherData.swift */ = {isa = PBXFileReference; lastKnownFileType = sourcecode.swift; path = WeatherData.swift; sourceTree = "<group>"; };
		8342078C22128D22008104AF /* Config.swift */ = {isa = PBXFileReference; lastKnownFileType = sourcecode.swift; path = Config.swift; sourceTree = "<group>"; };
		8342078F22129570008104AF /* Extention.swift */ = {isa = PBXFileReference; lastKnownFileType = sourcecode.swift; path = Extention.swift; sourceTree = "<group>"; };
		834207912212A0DC008104AF /* CurrentWeatherViewController.swift */ = {isa = PBXFileReference; lastKnownFileType = sourcecode.swift; path = CurrentWeatherViewController.swift; sourceTree = "<group>"; };
		834207932213AD9C008104AF /* WeatherViewController.swift */ = {isa = PBXFileReference; lastKnownFileType = sourcecode.swift; path = WeatherViewController.swift; sourceTree = "<group>"; };
		834207952213BDB4008104AF /* Extention+URLSession.swift */ = {isa = PBXFileReference; lastKnownFileType = sourcecode.swift; path = "Extention+URLSession.swift"; sourceTree = "<group>"; };
/* End PBXFileReference section */

/* Begin PBXFrameworksBuildPhase section */
		8342076522128375008104AF /* Frameworks */ = {
			isa = PBXFrameworksBuildPhase;
			buildActionMask = 2147483647;
			files = (
			);
			runOnlyForDeploymentPostprocessing = 0;
		};
/* End PBXFrameworksBuildPhase section */

/* Begin PBXGroup section */
		8342075F22128375008104AF = {
			isa = PBXGroup;
			children = (
				8342076A22128375008104AF /* DarkSkyWeatherApi */,
				8342076922128375008104AF /* Products */,
			);
			sourceTree = "<group>";
		};
		8342076922128375008104AF /* Products */ = {
			isa = PBXGroup;
			children = (
				8342076822128375008104AF /* DarkSkyWeatherApi.app */,
			);
			name = Products;
			sourceTree = "<group>";
		};
		8342076A22128375008104AF /* DarkSkyWeatherApi */ = {
			isa = PBXGroup;
			children = (
				8342078E22129564008104AF /* Util */,
				8342078B22128D0A008104AF /* Config */,
				8342078422128C89008104AF /* Manager */,
				8342078122128539008104AF /* SupportingFiles */,
				834207802212852A008104AF /* Models */,
				8342077F22128522008104AF /* View */,
				8342077D22128392008104AF /* Controller */,
			);
			path = DarkSkyWeatherApi;
			sourceTree = "<group>";
		};
		8342077D22128392008104AF /* Controller */ = {
			isa = PBXGroup;
			children = (
				8342076D22128375008104AF /* RootViewController.swift */,
				834207912212A0DC008104AF /* CurrentWeatherViewController.swift */,
				834207932213AD9C008104AF /* WeatherViewController.swift */,
			);
			path = Controller;
			sourceTree = "<group>";
		};
		8342077F22128522008104AF /* View */ = {
			isa = PBXGroup;
			children = (
			);
			path = View;
			sourceTree = "<group>";
		};
		834207802212852A008104AF /* Models */ = {
			isa = PBXGroup;
			children = (
				8342078722128CCC008104AF /* Location.swift */,
				8342078922128CDD008104AF /* WeatherData.swift */,
			);
			name = Models;
			path = "New Group1";
			sourceTree = "<group>";
		};
		8342078122128539008104AF /* SupportingFiles */ = {
			isa = PBXGroup;
			children = (
				8342077722128377008104AF /* Info.plist */,
				8342077422128377008104AF /* LaunchScreen.storyboard */,
				8342077222128377008104AF /* Assets.xcassets */,
				8342076B22128375008104AF /* AppDelegate.swift */,
			);
			path = SupportingFiles;
			sourceTree = "<group>";
		};
		8342078422128C89008104AF /* Manager */ = {
			isa = PBXGroup;
			children = (
				8342078522128CA0008104AF /* WeatherDataManager.swift */,
			);
			path = Manager;
			sourceTree = "<group>";
		};
		8342078B22128D0A008104AF /* Config */ = {
			isa = PBXGroup;
			children = (
				8342078C22128D22008104AF /* Config.swift */,
			);
			path = Config;
			sourceTree = "<group>";
		};
		8342078E22129564008104AF /* Util */ = {
			isa = PBXGroup;
			children = (
				8342078F22129570008104AF /* Extention.swift */,
				834207952213BDB4008104AF /* Extention+URLSession.swift */,
			);
			path = Util;
			sourceTree = "<group>";
		};
/* End PBXGroup section */

/* Begin PBXNativeTarget section */
		8342076722128375008104AF /* DarkSkyWeatherApi */ = {
			isa = PBXNativeTarget;
			buildConfigurationList = 8342077A22128377008104AF /* Build configuration list for PBXNativeTarget "DarkSkyWeatherApi" */;
			buildPhases = (
				8342076422128375008104AF /* Sources */,
				8342076522128375008104AF /* Frameworks */,
				8342076622128375008104AF /* Resources */,
			);
			buildRules = (
			);
			dependencies = (
			);
			name = DarkSkyWeatherApi;
			productName = DarkSkyWeatherApi;
			productReference = 8342076822128375008104AF /* DarkSkyWeatherApi.app */;
			productType = "com.apple.product-type.application";
		};
/* End PBXNativeTarget section */

/* Begin PBXProject section */
		8342076022128375008104AF /* Project object */ = {
			isa = PBXProject;
			attributes = {
				LastSwiftUpdateCheck = 1010;
				LastUpgradeCheck = 1010;
				ORGANIZATIONNAME = "Tieda Wei";
				TargetAttributes = {
					8342076722128375008104AF = {
						CreatedOnToolsVersion = 10.1;
					};
				};
			};
			buildConfigurationList = 8342076322128375008104AF /* Build configuration list for PBXProject "DarkSkyWeatherApi" */;
			compatibilityVersion = "Xcode 9.3";
			developmentRegion = en;
			hasScannedForEncodings = 0;
			knownRegions = (
				en,
				Base,
			);
			mainGroup = 8342075F22128375008104AF;
			productRefGroup = 8342076922128375008104AF /* Products */;
			projectDirPath = "";
			projectRoot = "";
			targets = (
				8342076722128375008104AF /* DarkSkyWeatherApi */,
			);
		};
/* End PBXProject section */

/* Begin PBXResourcesBuildPhase section */
		8342076622128375008104AF /* Resources */ = {
			isa = PBXResourcesBuildPhase;
			buildActionMask = 2147483647;
			files = (
				8342077622128377008104AF /* LaunchScreen.storyboard in Resources */,
				8342077322128377008104AF /* Assets.xcassets in Resources */,
			);
			runOnlyForDeploymentPostprocessing = 0;
		};
/* End PBXResourcesBuildPhase section */

/* Begin PBXSourcesBuildPhase section */
		8342076422128375008104AF /* Sources */ = {
			isa = PBXSourcesBuildPhase;
			buildActionMask = 2147483647;
			files = (
				8342078622128CA0008104AF /* WeatherDataManager.swift in Sources */,
				834207942213AD9C008104AF /* WeatherViewController.swift in Sources */,
				8342078A22128CDD008104AF /* WeatherData.swift in Sources */,
				8342076E22128375008104AF /* RootViewController.swift in Sources */,
				8342078822128CCC008104AF /* Location.swift in Sources */,
				8342076C22128375008104AF /* AppDelegate.swift in Sources */,
				834207922212A0DC008104AF /* CurrentWeatherViewController.swift in Sources */,
				8342078D22128D22008104AF /* Config.swift in Sources */,
				8342079022129570008104AF /* Extention.swift in Sources */,
				834207962213BDB5008104AF /* Extention+URLSession.swift in Sources */,
			);
			runOnlyForDeploymentPostprocessing = 0;
		};
/* End PBXSourcesBuildPhase section */

/* Begin PBXVariantGroup section */
		8342077422128377008104AF /* LaunchScreen.storyboard */ = {
			isa = PBXVariantGroup;
			children = (
				8342077522128377008104AF /* Base */,
			);
			name = LaunchScreen.storyboard;
			sourceTree = "<group>";
		};
/* End PBXVariantGroup section */

/* Begin XCBuildConfiguration section */
		8342077822128377008104AF /* Debug */ = {
			isa = XCBuildConfiguration;
			buildSettings = {
				ALWAYS_SEARCH_USER_PATHS = NO;
				CLANG_ANALYZER_NONNULL = YES;
				CLANG_ANALYZER_NUMBER_OBJECT_CONVERSION = YES_AGGRESSIVE;
				CLANG_CXX_LANGUAGE_STANDARD = "gnu++14";
				CLANG_CXX_LIBRARY = "libc++";
				CLANG_ENABLE_MODULES = YES;
				CLANG_ENABLE_OBJC_ARC = YES;
				CLANG_ENABLE_OBJC_WEAK = YES;
				CLANG_WARN_BLOCK_CAPTURE_AUTORELEASING = YES;
				CLANG_WARN_BOOL_CONVERSION = YES;
				CLANG_WARN_COMMA = YES;
				CLANG_WARN_CONSTANT_CONVERSION = YES;
				CLANG_WARN_DEPRECATED_OBJC_IMPLEMENTATIONS = YES;
				CLANG_WARN_DIRECT_OBJC_ISA_USAGE = YES_ERROR;
				CLANG_WARN_DOCUMENTATION_COMMENTS = YES;
				CLANG_WARN_EMPTY_BODY = YES;
				CLANG_WARN_ENUM_CONVERSION = YES;
				CLANG_WARN_INFINITE_RECURSION = YES;
				CLANG_WARN_INT_CONVERSION = YES;
				CLANG_WARN_NON_LITERAL_NULL_CONVERSION = YES;
				CLANG_WARN_OBJC_IMPLICIT_RETAIN_SELF = YES;
				CLANG_WARN_OBJC_LITERAL_CONVERSION = YES;
				CLANG_WARN_OBJC_ROOT_CLASS = YES_ERROR;
				CLANG_WARN_RANGE_LOOP_ANALYSIS = YES;
				CLANG_WARN_STRICT_PROTOTYPES = YES;
				CLANG_WARN_SUSPICIOUS_MOVE = YES;
				CLANG_WARN_UNGUARDED_AVAILABILITY = YES_AGGRESSIVE;
				CLANG_WARN_UNREACHABLE_CODE = YES;
				CLANG_WARN__DUPLICATE_METHOD_MATCH = YES;
				CODE_SIGN_IDENTITY = "iPhone Developer";
				COPY_PHASE_STRIP = NO;
				DEBUG_INFORMATION_FORMAT = dwarf;
				ENABLE_STRICT_OBJC_MSGSEND = YES;
				ENABLE_TESTABILITY = YES;
				GCC_C_LANGUAGE_STANDARD = gnu11;
				GCC_DYNAMIC_NO_PIC = NO;
				GCC_NO_COMMON_BLOCKS = YES;
				GCC_OPTIMIZATION_LEVEL = 0;
				GCC_PREPROCESSOR_DEFINITIONS = (
					"DEBUG=1",
					"$(inherited)",
				);
				GCC_WARN_64_TO_32_BIT_CONVERSION = YES;
				GCC_WARN_ABOUT_RETURN_TYPE = YES_ERROR;
				GCC_WARN_UNDECLARED_SELECTOR = YES;
				GCC_WARN_UNINITIALIZED_AUTOS = YES_AGGRESSIVE;
				GCC_WARN_UNUSED_FUNCTION = YES;
				GCC_WARN_UNUSED_VARIABLE = YES;
				IPHONEOS_DEPLOYMENT_TARGET = 12.1;
				MTL_ENABLE_DEBUG_INFO = INCLUDE_SOURCE;
				MTL_FAST_MATH = YES;
				ONLY_ACTIVE_ARCH = YES;
				SDKROOT = iphoneos;
				SWIFT_ACTIVE_COMPILATION_CONDITIONS = DEBUG;
				SWIFT_OPTIMIZATION_LEVEL = "-Onone";
			};
			name = Debug;
		};
		8342077922128377008104AF /* Release */ = {
			isa = XCBuildConfiguration;
			buildSettings = {
				ALWAYS_SEARCH_USER_PATHS = NO;
				CLANG_ANALYZER_NONNULL = YES;
				CLANG_ANALYZER_NUMBER_OBJECT_CONVERSION = YES_AGGRESSIVE;
				CLANG_CXX_LANGUAGE_STANDARD = "gnu++14";
				CLANG_CXX_LIBRARY = "libc++";
				CLANG_ENABLE_MODULES = YES;
				CLANG_ENABLE_OBJC_ARC = YES;
				CLANG_ENABLE_OBJC_WEAK = YES;
				CLANG_WARN_BLOCK_CAPTURE_AUTORELEASING = YES;
				CLANG_WARN_BOOL_CONVERSION = YES;
				CLANG_WARN_COMMA = YES;
				CLANG_WARN_CONSTANT_CONVERSION = YES;
				CLANG_WARN_DEPRECATED_OBJC_IMPLEMENTATIONS = YES;
				CLANG_WARN_DIRECT_OBJC_ISA_USAGE = YES_ERROR;
				CLANG_WARN_DOCUMENTATION_COMMENTS = YES;
				CLANG_WARN_EMPTY_BODY = YES;
				CLANG_WARN_ENUM_CONVERSION = YES;
				CLANG_WARN_INFINITE_RECURSION = YES;
				CLANG_WARN_INT_CONVERSION = YES;
				CLANG_WARN_NON_LITERAL_NULL_CONVERSION = YES;
				CLANG_WARN_OBJC_IMPLICIT_RETAIN_SELF = YES;
				CLANG_WARN_OBJC_LITERAL_CONVERSION = YES;
				CLANG_WARN_OBJC_ROOT_CLASS = YES_ERROR;
				CLANG_WARN_RANGE_LOOP_ANALYSIS = YES;
				CLANG_WARN_STRICT_PROTOTYPES = YES;
				CLANG_WARN_SUSPICIOUS_MOVE = YES;
				CLANG_WARN_UNGUARDED_AVAILABILITY = YES_AGGRESSIVE;
				CLANG_WARN_UNREACHABLE_CODE = YES;
				CLANG_WARN__DUPLICATE_METHOD_MATCH = YES;
				CODE_SIGN_IDENTITY = "iPhone Developer";
				COPY_PHASE_STRIP = NO;
				DEBUG_INFORMATION_FORMAT = "dwarf-with-dsym";
				ENABLE_NS_ASSERTIONS = NO;
				ENABLE_STRICT_OBJC_MSGSEND = YES;
				GCC_C_LANGUAGE_STANDARD = gnu11;
				GCC_NO_COMMON_BLOCKS = YES;
				GCC_WARN_64_TO_32_BIT_CONVERSION = YES;
				GCC_WARN_ABOUT_RETURN_TYPE = YES_ERROR;
				GCC_WARN_UNDECLARED_SELECTOR = YES;
				GCC_WARN_UNINITIALIZED_AUTOS = YES_AGGRESSIVE;
				GCC_WARN_UNUSED_FUNCTION = YES;
				GCC_WARN_UNUSED_VARIABLE = YES;
				IPHONEOS_DEPLOYMENT_TARGET = 12.1;
				MTL_ENABLE_DEBUG_INFO = NO;
				MTL_FAST_MATH = YES;
				SDKROOT = iphoneos;
				SWIFT_COMPILATION_MODE = wholemodule;
				SWIFT_OPTIMIZATION_LEVEL = "-O";
				VALIDATE_PRODUCT = YES;
			};
			name = Release;
		};
		8342077B22128377008104AF /* Debug */ = {
			isa = XCBuildConfiguration;
			buildSettings = {
				ASSETCATALOG_COMPILER_APPICON_NAME = AppIcon;
				CODE_SIGN_STYLE = Automatic;
				DEVELOPMENT_TEAM = 7V8KD896B9;
				INFOPLIST_FILE = DarkSkyWeatherApi/SupportingFiles/Info.plist;
				LD_RUNPATH_SEARCH_PATHS = (
					"$(inherited)",
					"@executable_path/Frameworks",
				);
				PRODUCT_BUNDLE_IDENTIFIER = com.tiedawei.DarkSkyWeatherApi;
				PRODUCT_NAME = "$(TARGET_NAME)";
				SWIFT_VERSION = 4.2;
				TARGETED_DEVICE_FAMILY = "1,2";
			};
			name = Debug;
		};
		8342077C22128377008104AF /* Release */ = {
			isa = XCBuildConfiguration;
			buildSettings = {
				ASSETCATALOG_COMPILER_APPICON_NAME = AppIcon;
				CODE_SIGN_STYLE = Automatic;
				DEVELOPMENT_TEAM = 7V8KD896B9;
				INFOPLIST_FILE = DarkSkyWeatherApi/SupportingFiles/Info.plist;
				LD_RUNPATH_SEARCH_PATHS = (
					"$(inherited)",
					"@executable_path/Frameworks",
				);
				PRODUCT_BUNDLE_IDENTIFIER = com.tiedawei.DarkSkyWeatherApi;
				PRODUCT_NAME = "$(TARGET_NAME)";
				SWIFT_VERSION = 4.2;
				TARGETED_DEVICE_FAMILY = "1,2";
			};
			name = Release;
		};
/* End XCBuildConfiguration section */

/* Begin XCConfigurationList section */
		8342076322128375008104AF /* Build configuration list for PBXProject "DarkSkyWeatherApi" */ = {
			isa = XCConfigurationList;
			buildConfigurations = (
				8342077822128377008104AF /* Debug */,
				8342077922128377008104AF /* Release */,
			);
			defaultConfigurationIsVisible = 0;
			defaultConfigurationName = Release;
		};
		8342077A22128377008104AF /* Build configuration list for PBXNativeTarget "DarkSkyWeatherApi" */ = {
			isa = XCConfigurationList;
			buildConfigurations = (
				8342077B22128377008104AF /* Debug */,
				8342077C22128377008104AF /* Release */,
			);
			defaultConfigurationIsVisible = 0;
			defaultConfigurationName = Release;
		};
/* End XCConfigurationList section */
	};
	rootObject = 8342076022128375008104AF /* Project object */;
}
